
Microsoft Visual Studio Solution File, Format Version 12.00
# Visual Studio Version 17
VisualStudioVersion = 17.12.35323.107
MinimumVisualStudioVersion = 10.0.40219.1
Project("{FAE04EC0-301F-11D3-BF4B-00C04F79EFBC}") = "BubbleSort", "BubbleSort.csproj", "{08AB69E3-A6DE-4DC2-BE98-4017D16080D1}"
EndProject
Global
	GlobalSection(SolutionConfigurationPlatforms) = preSolution
		Debug|Any CPU = Debug|Any CPU
		Release|Any CPU = Release|Any CPU
	EndGlobalSection
	GlobalSection(ProjectConfigurationPlatforms) = postSolution
		{08AB69E3-A6DE-4DC2-BE98-4017D16080D1}.Debug|Any CPU.ActiveCfg = Debug|Any CPU
		{08AB69E3-A6DE-4DC2-BE98-4017D16080D1}.Debug|Any CPU.Build.0 = Debug|Any CPU
		{08AB69E3-A6DE-4DC2-BE98-4017D16080D1}.Release|Any CPU.ActiveCfg = Release|Any CPU
		{08AB69E3-A6DE-4DC2-BE98-4017D16080D1}.Release|Any CPU.Build.0 = Release|Any CPU
	EndGlobalSection
	GlobalSection(SolutionProperties) = preSolution
		HideSolutionNode = FALSE
	EndGlobalSection
	GlobalSection(ExtensibilityGlobals) = postSolution
		SolutionGuid = {E41C77EE-3CF2-4665-AFD5-F23E9152F7A5}
	EndGlobalSection
EndGlobal
